<?xml version="1.0" encoding="utf-8"?>
<Project ToolsVersion="4.0" xmlns="http://schemas.microsoft.com/developer/msbuild/2003">
  <ItemGroup>
    <Filter Include="Source Files">
      <UniqueIdentifier>{4FC737F1-C7A5-4376-A066-2A32D752A2FF}</UniqueIdentifier>
      <Extensions>cpp;c;cc;cxx;def;odl;idl;hpj;bat;asm;asmx</Extensions>
    </Filter>
    <Filter Include="Header Files">
      <UniqueIdentifier>{93995380-89BD-4b04-88EB-625FBE52EBFB}</UniqueIdentifier>
      <Extensions>h;hh;hpp;hxx;hm;inl;inc;xsd</Extensions>
    </Filter>
    <Filter Include="Resource Files">
      <UniqueIdentifier>{67DA6AB6-F800-4c08-8B7A-83BB121AAD01}</UniqueIdentifier>
      <Extensions>rc;ico;cur;bmp;dlg;rc2;rct;bin;rgs;gif;jpg;jpeg;jpe;resx;tiff;tif;png;wav;mfcribbon-ms</Extensions>
    </Filter>
  </ItemGroup>
  <ItemGroup>
    <ClCompile Include="src\Lab7.cpp">
      <Filter>Source Files</Filter>
    </ClCompile>
    <ClCompile Include="src\controller\controller.cpp">
      <Filter>Source Files</Filter>
    </ClCompile>
    <ClCompile Include="src\domain\Film.cpp">
      <Filter>Source Files</Filter>
    </ClCompile>
    <ClCompile Include="src\domain\FilmValidator.cpp">
      <Filter>Source Files</Filter>
    </ClCompile>
    <ClCompile Include="src\repository\repository.cpp">
      <Filter>Source Files</Filter>
    </ClCompile>
    <ClCompile Include="src\tests\domain\test_Film.cpp">
      <Filter>Source Files</Filter>
    </ClCompile>
    <ClCompile Include="src\tests\domain\test_FilmValidator.cpp">
      <Filter>Source Files</Filter>
    </ClCompile>
    <ClCompile Include="src\ui\console.cpp">
      <Filter>Source Files</Filter>
    </ClCompile>
    <ClCompile Include="src\cart\FilmCart.cpp">
      <Filter>Source Files</Filter>
    </ClCompile>
    <ClCompile Include="src\exporter\exporter.cpp">
      <Filter>Source Files</Filter>
    </ClCompile>
    <ClCompile Include="src\repository\FileRepository.cpp">
      <Filter>Source Files</Filter>
    </ClCompile>
  </ItemGroup>
  <ItemGroup>
    <ClInclude Include="src\controller\controller.h">
      <Filter>Header Files</Filter>
    </ClInclude>
    <ClInclude Include="src\domain\Film.h">
      <Filter>Header Files</Filter>
    </ClInclude>
    <ClInclude Include="src\domain\FilmValidator.h">
      <Filter>Header Files</Filter>
    </ClInclude>
    <ClInclude Include="src\repository\repository.h">
      <Filter>Header Files</Filter>
    </ClInclude>
    <ClInclude Include="src\tests\domain\test_Film.h">
      <Filter>Header Files</Filter>
    </ClInclude>
    <ClInclude Include="src\tests\domain\test_FilmValidator.h">
      <Filter>Header Files</Filter>
    </ClInclude>
    <ClInclude Include="src\ui\console.h">
      <Filter>Header Files</Filter>
    </ClInclude>
    <ClInclude Include="src\cart\FilmCart.h">
      <Filter>Header Files</Filter>
    </ClInclude>
    <ClInclude Include="src\exporter\exporter.h">
      <Filter>Header Files</Filter>
    </ClInclude>
    <ClInclude Include="src\repository\FileRepository.h">
      <Filter>Header Files</Filter>
    </ClInclude>
    <ClInclude Include="src\controller\Undo.h">
      <Filter>Header Files</Filter>
    </ClInclude>
  </ItemGroup>
  <ItemGroup>
    <None Include="test.csv" />
    <None Include="ClassDiagram.cd" />
  </ItemGroup>
</Project>